
Microsoft Visual Studio Solution File, Format Version 12.00
# Visual Studio Version 17
VisualStudioVersion = 17.5.33414.496
MinimumVisualStudioVersion = 10.0.40219.1
Project("{FAE04EC0-301F-11D3-BF4B-00C04F79EFBC}") = "app CodigoPostal", "app CodigoPostal\app CodigoPostal.csproj", "{7163E3A2-B5B1-4E04-870A-12861E86525A}"
EndProject
Project("{F184B08F-C81C-45F6-A57F-5ABD9991F28F}") = "appCp", "appCp\appCp.vbproj", "{FD51A7D4-1322-448E-8F8D-3225589C4F59}"
EndProject
Global
	GlobalSection(SolutionConfigurationPlatforms) = preSolution
		Debug|Any CPU = Debug|Any CPU
		Release|Any CPU = Release|Any CPU
	EndGlobalSection
	GlobalSection(ProjectConfigurationPlatforms) = postSolution
		{7163E3A2-B5B1-4E04-870A-12861E86525A}.Debug|Any CPU.ActiveCfg = Debug|Any CPU
		{7163E3A2-B5B1-4E04-870A-12861E86525A}.Debug|Any CPU.Build.0 = Debug|Any CPU
		{7163E3A2-B5B1-4E04-870A-12861E86525A}.Release|Any CPU.ActiveCfg = Release|Any CPU
		{7163E3A2-B5B1-4E04-870A-12861E86525A}.Release|Any CPU.Build.0 = Release|Any CPU
		{FD51A7D4-1322-448E-8F8D-3225589C4F59}.Debug|Any CPU.ActiveCfg = Debug|Any CPU
		{FD51A7D4-1322-448E-8F8D-3225589C4F59}.Debug|Any CPU.Build.0 = Debug|Any CPU
		{FD51A7D4-1322-448E-8F8D-3225589C4F59}.Release|Any CPU.ActiveCfg = Release|Any CPU
		{FD51A7D4-1322-448E-8F8D-3225589C4F59}.Release|Any CPU.Build.0 = Release|Any CPU
	EndGlobalSection
	GlobalSection(SolutionProperties) = preSolution
		HideSolutionNode = FALSE
	EndGlobalSection
	GlobalSection(ExtensibilityGlobals) = postSolution
		SolutionGuid = {F5BC1D6B-D768-47A3-B8D6-33819FE4628D}
	EndGlobalSection
EndGlobal
